
Microsoft Visual Studio Solution File, Format Version 12.00
# Visual Studio 15
VisualStudioVersion = 15.0.28307.421
MinimumVisualStudioVersion = 10.0.40219.1
Project("{FAE04EC0-301F-11D3-BF4B-00C04F79EFBC}") = "WebApi", "WebApi\WebApi.csproj", "{0E5D3A85-0925-447E-AE39-C21D7E903D4F}"
EndProject
Project("{2150E333-8FDC-42A3-9474-1A3956D46DE8}") = "01. App", "01. App", "{BA35D5CF-7ED8-4736-AC4D-993F0BE06A81}"
EndProject
Project("{2150E333-8FDC-42A3-9474-1A3956D46DE8}") = "04. DAC", "04. DAC", "{35D8F08B-8F25-4400-92BD-0C6425171E9A}"
EndProject
Project("{2150E333-8FDC-42A3-9474-1A3956D46DE8}") = "02. Service", "02. Service", "{FB1C4730-375D-4B1D-A907-E4ECFCE0DBF8}"
EndProject
Project("{2150E333-8FDC-42A3-9474-1A3956D46DE8}") = "03. Domain", "03. Domain", "{27616FEF-1EB7-4FCC-B866-AD1534D0FCB6}"
EndProject
Project("{2150E333-8FDC-42A3-9474-1A3956D46DE8}") = "05. Test", "05. Test", "{14D49EAC-2B65-4435-B25C-9A193986CCE3}"
EndProject
Project("{FAE04EC0-301F-11D3-BF4B-00C04F79EFBC}") = "WebApp.DataAccess", "WebApp.DataAccess\WebApp.DataAccess.csproj", "{CA244BC4-4C4C-41CF-A8D4-284A7417C281}"
EndProject
Project("{FAE04EC0-301F-11D3-BF4B-00C04F79EFBC}") = "WebApp.DataContext", "WebApp.DataContext\WebApp.DataContext.csproj", "{9AED2E16-4F83-4E9F-B9CE-357695E1644C}"
EndProject
Project("{FAE04EC0-301F-11D3-BF4B-00C04F79EFBC}") = "WebApp.Entities", "WebApp.Entities\WebApp.Entities.csproj", "{57566793-7429-4228-B92B-636158D47C20}"
EndProject
Project("{FAE04EC0-301F-11D3-BF4B-00C04F79EFBC}") = "WebApp.Interfaces", "WebApp.Interfaces\WebApp.Interfaces.csproj", "{382D09C9-D0DA-4CA0-AF8E-0B050102F1FB}"
EndProject
Project("{FAE04EC0-301F-11D3-BF4B-00C04F79EFBC}") = "WebApp.Services", "WebApp.Services\WebApp.Services.csproj", "{1D5C8D91-DA55-40EF-A659-CD4A56789ABD}"
EndProject
Project("{FAE04EC0-301F-11D3-BF4B-00C04F79EFBC}") = "WebApp.DAC.Test", "WebApp.DAC.Test\WebApp.DAC.Test.csproj", "{34CB7E7F-D3CD-4C54-A362-D71FC13609DE}"
EndProject
Global
	GlobalSection(SolutionConfigurationPlatforms) = preSolution
		Debug|Any CPU = Debug|Any CPU
		Release|Any CPU = Release|Any CPU
	EndGlobalSection
	GlobalSection(ProjectConfigurationPlatforms) = postSolution
		{0E5D3A85-0925-447E-AE39-C21D7E903D4F}.Debug|Any CPU.ActiveCfg = Debug|Any CPU
		{0E5D3A85-0925-447E-AE39-C21D7E903D4F}.Debug|Any CPU.Build.0 = Debug|Any CPU
		{0E5D3A85-0925-447E-AE39-C21D7E903D4F}.Release|Any CPU.ActiveCfg = Release|Any CPU
		{0E5D3A85-0925-447E-AE39-C21D7E903D4F}.Release|Any CPU.Build.0 = Release|Any CPU
		{CA244BC4-4C4C-41CF-A8D4-284A7417C281}.Debug|Any CPU.ActiveCfg = Debug|Any CPU
		{CA244BC4-4C4C-41CF-A8D4-284A7417C281}.Debug|Any CPU.Build.0 = Debug|Any CPU
		{CA244BC4-4C4C-41CF-A8D4-284A7417C281}.Release|Any CPU.ActiveCfg = Release|Any CPU
		{CA244BC4-4C4C-41CF-A8D4-284A7417C281}.Release|Any CPU.Build.0 = Release|Any CPU
		{9AED2E16-4F83-4E9F-B9CE-357695E1644C}.Debug|Any CPU.ActiveCfg = Debug|Any CPU
		{9AED2E16-4F83-4E9F-B9CE-357695E1644C}.Debug|Any CPU.Build.0 = Debug|Any CPU
		{9AED2E16-4F83-4E9F-B9CE-357695E1644C}.Release|Any CPU.ActiveCfg = Release|Any CPU
		{9AED2E16-4F83-4E9F-B9CE-357695E1644C}.Release|Any CPU.Build.0 = Release|Any CPU
		{57566793-7429-4228-B92B-636158D47C20}.Debug|Any CPU.ActiveCfg = Debug|Any CPU
		{57566793-7429-4228-B92B-636158D47C20}.Debug|Any CPU.Build.0 = Debug|Any CPU
		{57566793-7429-4228-B92B-636158D47C20}.Release|Any CPU.ActiveCfg = Release|Any CPU
		{57566793-7429-4228-B92B-636158D47C20}.Release|Any CPU.Build.0 = Release|Any CPU
		{382D09C9-D0DA-4CA0-AF8E-0B050102F1FB}.Debug|Any CPU.ActiveCfg = Debug|Any CPU
		{382D09C9-D0DA-4CA0-AF8E-0B050102F1FB}.Debug|Any CPU.Build.0 = Debug|Any CPU
		{382D09C9-D0DA-4CA0-AF8E-0B050102F1FB}.Release|Any CPU.ActiveCfg = Release|Any CPU
		{382D09C9-D0DA-4CA0-AF8E-0B050102F1FB}.Release|Any CPU.Build.0 = Release|Any CPU
		{1D5C8D91-DA55-40EF-A659-CD4A56789ABD}.Debug|Any CPU.ActiveCfg = Debug|Any CPU
		{1D5C8D91-DA55-40EF-A659-CD4A56789ABD}.Debug|Any CPU.Build.0 = Debug|Any CPU
		{1D5C8D91-DA55-40EF-A659-CD4A56789ABD}.Release|Any CPU.ActiveCfg = Release|Any CPU
		{1D5C8D91-DA55-40EF-A659-CD4A56789ABD}.Release|Any CPU.Build.0 = Release|Any CPU
		{34CB7E7F-D3CD-4C54-A362-D71FC13609DE}.Debug|Any CPU.ActiveCfg = Debug|Any CPU
		{34CB7E7F-D3CD-4C54-A362-D71FC13609DE}.Debug|Any CPU.Build.0 = Debug|Any CPU
		{34CB7E7F-D3CD-4C54-A362-D71FC13609DE}.Release|Any CPU.ActiveCfg = Release|Any CPU
		{34CB7E7F-D3CD-4C54-A362-D71FC13609DE}.Release|Any CPU.Build.0 = Release|Any CPU
	EndGlobalSection
	GlobalSection(SolutionProperties) = preSolution
		HideSolutionNode = FALSE
	EndGlobalSection
	GlobalSection(NestedProjects) = preSolution
		{0E5D3A85-0925-447E-AE39-C21D7E903D4F} = {BA35D5CF-7ED8-4736-AC4D-993F0BE06A81}
		{CA244BC4-4C4C-41CF-A8D4-284A7417C281} = {35D8F08B-8F25-4400-92BD-0C6425171E9A}
		{9AED2E16-4F83-4E9F-B9CE-357695E1644C} = {27616FEF-1EB7-4FCC-B866-AD1534D0FCB6}
		{57566793-7429-4228-B92B-636158D47C20} = {27616FEF-1EB7-4FCC-B866-AD1534D0FCB6}
		{382D09C9-D0DA-4CA0-AF8E-0B050102F1FB} = {27616FEF-1EB7-4FCC-B866-AD1534D0FCB6}
		{1D5C8D91-DA55-40EF-A659-CD4A56789ABD} = {FB1C4730-375D-4B1D-A907-E4ECFCE0DBF8}
		{34CB7E7F-D3CD-4C54-A362-D71FC13609DE} = {14D49EAC-2B65-4435-B25C-9A193986CCE3}
	EndGlobalSection
	GlobalSection(ExtensibilityGlobals) = postSolution
		SolutionGuid = {6C662774-62D7-4096-8C2C-2640AFE55FD7}
	EndGlobalSection
EndGlobal
